
Microsoft Visual Studio Solution File, Format Version 12.00
# Visual Studio 15
VisualStudioVersion = 15.0.27703.2042
MinimumVisualStudioVersion = 10.0.40219.1
Project("{FAE04EC0-301F-11D3-BF4B-00C04F79EFBC}") = "TestClass", "TestClass\TestClass.csproj", "{291F01AF-0621-404A-899E-E0FA8C8E07FF}"
EndProject
Project("{FAE04EC0-301F-11D3-BF4B-00C04F79EFBC}") = "ClassLibrary", "ClassLibrary\ClassLibrary.csproj", "{DC77AC8A-43FA-4986-9D83-0051AA9D4BD0}"
EndProject
Project("{2150E333-8FDC-42A3-9474-1A3956D46DE8}") = "App_Data", "App_Data", "{218DBE2F-71C2-4557-9C05-57CE7E42AD06}"
	ProjectSection(SolutionItems) = preProject
		App_Data\IrishWoollens.mdf = App_Data\IrishWoollens.mdf
		App_Data\IrishWoollens_log.ldf = App_Data\IrishWoollens_log.ldf
	EndProjectSection
EndProject
Global
	GlobalSection(SolutionConfigurationPlatforms) = preSolution
		Debug|Any CPU = Debug|Any CPU
		Release|Any CPU = Release|Any CPU
	EndGlobalSection
	GlobalSection(ProjectConfigurationPlatforms) = postSolution
		{291F01AF-0621-404A-899E-E0FA8C8E07FF}.Debug|Any CPU.ActiveCfg = Debug|Any CPU
		{291F01AF-0621-404A-899E-E0FA8C8E07FF}.Debug|Any CPU.Build.0 = Debug|Any CPU
		{291F01AF-0621-404A-899E-E0FA8C8E07FF}.Release|Any CPU.ActiveCfg = Release|Any CPU
		{291F01AF-0621-404A-899E-E0FA8C8E07FF}.Release|Any CPU.Build.0 = Release|Any CPU
		{DC77AC8A-43FA-4986-9D83-0051AA9D4BD0}.Debug|Any CPU.ActiveCfg = Debug|Any CPU
		{DC77AC8A-43FA-4986-9D83-0051AA9D4BD0}.Debug|Any CPU.Build.0 = Debug|Any CPU
		{DC77AC8A-43FA-4986-9D83-0051AA9D4BD0}.Release|Any CPU.ActiveCfg = Release|Any CPU
		{DC77AC8A-43FA-4986-9D83-0051AA9D4BD0}.Release|Any CPU.Build.0 = Release|Any CPU
	EndGlobalSection
	GlobalSection(SolutionProperties) = preSolution
		HideSolutionNode = FALSE
	EndGlobalSection
	GlobalSection(ExtensibilityGlobals) = postSolution
		SolutionGuid = {16EA9E89-3EFF-4F5F-ABF1-12807DB44577}
	EndGlobalSection
EndGlobal
